// !$*UTF8*$!
{
	archiveVersion = 1;
	classes = {
	};
	objectVersion = 50;
	objects = {

/* Begin PBXBuildFile section */
		CFBD5C7A25E14DCE0076E6CE /* AppDelegate.swift in Sources */ = {isa = PBXBuildFile; fileRef = CFBD5C7925E14DCE0076E6CE /* AppDelegate.swift */; };
		CFBD5C7C25E14DCE0076E6CE /* SceneDelegate.swift in Sources */ = {isa = PBXBuildFile; fileRef = CFBD5C7B25E14DCE0076E6CE /* SceneDelegate.swift */; };
		CFBD5C7E25E14DCE0076E6CE /* ContentView.swift in Sources */ = {isa = PBXBuildFile; fileRef = CFBD5C7D25E14DCE0076E6CE /* ContentView.swift */; };
		CFBD5C8025E14DCF0076E6CE /* Assets.xcassets in Resources */ = {isa = PBXBuildFile; fileRef = CFBD5C7F25E14DCF0076E6CE /* Assets.xcassets */; };
		CFBD5C8325E14DCF0076E6CE /* Preview Assets.xcassets in Resources */ = {isa = PBXBuildFile; fileRef = CFBD5C8225E14DCF0076E6CE /* Preview Assets.xcassets */; };
		CFBD5C8625E14DCF0076E6CE /* LaunchScreen.storyboard in Resources */ = {isa = PBXBuildFile; fileRef = CFBD5C8425E14DCF0076E6CE /* LaunchScreen.storyboard */; };
/* End PBXBuildFile section */

/* Begin PBXFileReference section */
		CFBD5C7625E14DCE0076E6CE /* GrammaKey.app */ = {isa = PBXFileReference; explicitFileType = wrapper.application; includeInIndex = 0; path = GrammaKey.app; sourceTree = BUILT_PRODUCTS_DIR; };
		CFBD5C7925E14DCE0076E6CE /* AppDelegate.swift */ = {isa = PBXFileReference; lastKnownFileType = sourcecode.swift; path = AppDelegate.swift; sourceTree = "<group>"; };
		CFBD5C7B25E14DCE0076E6CE /* SceneDelegate.swift */ = {isa = PBXFileReference; lastKnownFileType = sourcecode.swift; path = SceneDelegate.swift; sourceTree = "<group>"; };
		CFBD5C7D25E14DCE0076E6CE /* ContentView.swift */ = {isa = PBXFileReference; lastKnownFileType = sourcecode.swift; path = ContentView.swift; sourceTree = "<group>"; };
		CFBD5C7F25E14DCF0076E6CE /* Assets.xcassets */ = {isa = PBXFileReference; lastKnownFileType = folder.assetcatalog; path = Assets.xcassets; sourceTree = "<group>"; };
		CFBD5C8225E14DCF0076E6CE /* Preview Assets.xcassets */ = {isa = PBXFileReference; lastKnownFileType = folder.assetcatalog; path = "Preview Assets.xcassets"; sourceTree = "<group>"; };
		CFBD5C8525E14DCF0076E6CE /* Base */ = {isa = PBXFileReference; lastKnownFileType = file.storyboard; name = Base; path = Base.lproj/LaunchScreen.storyboard; sourceTree = "<group>"; };
		CFBD5C8725E14DCF0076E6CE /* Info.plist */ = {isa = PBXFileReference; lastKnownFileType = text.plist.xml; path = Info.plist; sourceTree = "<group>"; };
/* End PBXFileReference section */

/* Begin PBXFrameworksBuildPhase section */
		CFBD5C7325E14DCE0076E6CE /* Frameworks */ = {
			isa = PBXFrameworksBuildPhase;
			buildActionMask = 2147483647;
			files = (
			);
			runOnlyForDeploymentPostprocessing = 0;
		};
/* End PBXFrameworksBuildPhase section */

/* Begin PBXGroup section */
		CFBD5C6D25E14DCE0076E6CE = {
			isa = PBXGroup;
			children = (
				CFBD5C7825E14DCE0076E6CE /* GrammaKey */,
				CFBD5C7725E14DCE0076E6CE /* Products */,
			);
			sourceTree = "<group>";
		};
		CFBD5C7725E14DCE0076E6CE /* Products */ = {
			isa = PBXGroup;
			children = (
				CFBD5C7625E14DCE0076E6CE /* GrammaKey.app */,
			);
			name = Products;
			sourceTree = "<group>";
		};
		CFBD5C7825E14DCE0076E6CE /* GrammaKey */ = {
			isa = PBXGroup;
			children = (
				CFBD5C7925E14DCE0076E6CE /* AppDelegate.swift */,
				CFBD5C7B25E14DCE0076E6CE /* SceneDelegate.swift */,
				CFBD5C7D25E14DCE0076E6CE /* ContentView.swift */,
				CFBD5C7F25E14DCF0076E6CE /* Assets.xcassets */,
				CFBD5C8425E14DCF0076E6CE /* LaunchScreen.storyboard */,
				CFBD5C8725E14DCF0076E6CE /* Info.plist */,
				CFBD5C8125E14DCF0076E6CE /* Preview Content */,
			);
			path = GrammaKey;
			sourceTree = "<group>";
		};
		CFBD5C8125E14DCF0076E6CE /* Preview Content */ = {
			isa = PBXGroup;
			children = (
				CFBD5C8225E14DCF0076E6CE /* Preview Assets.xcassets */,
			);
			path = "Preview Content";
			sourceTree = "<group>";
		};
/* End PBXGroup section */

/* Begin PBXNativeTarget section */
		CFBD5C7525E14DCE0076E6CE /* GrammaKey */ = {
			isa = PBXNativeTarget;
			buildConfigurationList = CFBD5C8A25E14DD00076E6CE /* Build configuration list for PBXNativeTarget "GrammaKey" */;
			buildPhases = (
				CFBD5C7225E14DCE0076E6CE /* Sources */,
				CFBD5C7325E14DCE0076E6CE /* Frameworks */,
				CFBD5C7425E14DCE0076E6CE /* Resources */,
			);
			buildRules = (
			);
			dependencies = (
			);
			name = GrammaKey;
			productName = GrammaKey;
			productReference = CFBD5C7625E14DCE0076E6CE /* GrammaKey.app */;
			productType = "com.apple.product-type.application";
		};
/* End PBXNativeTarget section */

/* Begin PBXProject section */
		CFBD5C6E25E14DCE0076E6CE /* Project object */ = {
			isa = PBXProject;
			attributes = {
				LastSwiftUpdateCheck = 1230;
				LastUpgradeCheck = 1230;
				TargetAttributes = {
					CFBD5C7525E14DCE0076E6CE = {
						CreatedOnToolsVersion = 12.3;
					};
				};
			};
			buildConfigurationList = CFBD5C7125E14DCE0076E6CE /* Build configuration list for PBXProject "GrammaKey" */;
			compatibilityVersion = "Xcode 9.3";
			developmentRegion = en;
			hasScannedForEncodings = 0;
			knownRegions = (
				en,
				Base,
			);
			mainGroup = CFBD5C6D25E14DCE0076E6CE;
			productRefGroup = CFBD5C7725E14DCE0076E6CE /* Products */;
			projectDirPath = "";
			projectRoot = "";
			targets = (
				CFBD5C7525E14DCE0076E6CE /* GrammaKey */,
			);
		};
/* End PBXProject section */

/* Begin PBXResourcesBuildPhase section */
		CFBD5C7425E14DCE0076E6CE /* Resources */ = {
			isa = PBXResourcesBuildPhase;
			buildActionMask = 2147483647;
			files = (
				CFBD5C8625E14DCF0076E6CE /* LaunchScreen.storyboard in Resources */,
				CFBD5C8325E14DCF0076E6CE /* Preview Assets.xcassets in Resources */,
				CFBD5C8025E14DCF0076E6CE /* Assets.xcassets in Resources */,
			);
			runOnlyForDeploymentPostprocessing = 0;
		};
/* End PBXResourcesBuildPhase section */

/* Begin PBXSourcesBuildPhase section */
		CFBD5C7225E14DCE0076E6CE /* Sources */ = {
			isa = PBXSourcesBuildPhase;
			buildActionMask = 2147483647;
			files = (
				CFBD5C7A25E14DCE0076E6CE /* AppDelegate.swift in Sources */,
				CFBD5C7C25E14DCE0076E6CE /* SceneDelegate.swift in Sources */,
				CFBD5C7E25E14DCE0076E6CE /* ContentView.swift in Sources */,
			);
			runOnlyForDeploymentPostprocessing = 0;
		};
/* End PBXSourcesBuildPhase section */

/* Begin PBXVariantGroup section */
		CFBD5C8425E14DCF0076E6CE /* LaunchScreen.storyboard */ = {
			isa = PBXVariantGroup;
			children = (
				CFBD5C8525E14DCF0076E6CE /* Base */,
			);
			name = LaunchScreen.storyboard;
			sourceTree = "<group>";
		};
/* End PBXVariantGroup section */

/* Begin XCBuildConfiguration section */
		CFBD5C8825E14DCF0076E6CE /* Debug */ = {
			isa = XCBuildConfiguration;
			buildSettings = {
				ALWAYS_SEARCH_USER_PATHS = NO;
				CLANG_ANALYZER_NONNULL = YES;
				CLANG_ANALYZER_NUMBER_OBJECT_CONVERSION = YES_AGGRESSIVE;
				CLANG_CXX_LANGUAGE_STANDARD = "gnu++14";
				CLANG_CXX_LIBRARY = "libc++";
				CLANG_ENABLE_MODULES = YES;
				CLANG_ENABLE_OBJC_ARC = YES;
				CLANG_ENABLE_OBJC_WEAK = YES;
				CLANG_WARN_BLOCK_CAPTURE_AUTORELEASING = YES;
				CLANG_WARN_BOOL_CONVERSION = YES;
				CLANG_WARN_COMMA = YES;
				CLANG_WARN_CONSTANT_CONVERSION = YES;
				CLANG_WARN_DEPRECATED_OBJC_IMPLEMENTATIONS = YES;
				CLANG_WARN_DIRECT_OBJC_ISA_USAGE = YES_ERROR;
				CLANG_WARN_DOCUMENTATION_COMMENTS = YES;
				CLANG_WARN_EMPTY_BODY = YES;
				CLANG_WARN_ENUM_CONVERSION = YES;
				CLANG_WARN_INFINITE_RECURSION = YES;
				CLANG_WARN_INT_CONVERSION = YES;
				CLANG_WARN_NON_LITERAL_NULL_CONVERSION = YES;
				CLANG_WARN_OBJC_IMPLICIT_RETAIN_SELF = YES;
				CLANG_WARN_OBJC_LITERAL_CONVERSION = YES;
				CLANG_WARN_OBJC_ROOT_CLASS = YES_ERROR;
				CLANG_WARN_QUOTED_INCLUDE_IN_FRAMEWORK_HEADER = YES;
				CLANG_WARN_RANGE_LOOP_ANALYSIS = YES;
				CLANG_WARN_STRICT_PROTOTYPES = YES;
				CLANG_WARN_SUSPICIOUS_MOVE = YES;
				CLANG_WARN_UNGUARDED_AVAILABILITY = YES_AGGRESSIVE;
				CLANG_WARN_UNREACHABLE_CODE = YES;
				CLANG_WARN__DUPLICATE_METHOD_MATCH = YES;
				COPY_PHASE_STRIP = NO;
				DEBUG_INFORMATION_FORMAT = dwarf;
				ENABLE_STRICT_OBJC_MSGSEND = YES;
				ENABLE_TESTABILITY = YES;
				GCC_C_LANGUAGE_STANDARD = gnu11;
				GCC_DYNAMIC_NO_PIC = NO;
				GCC_NO_COMMON_BLOCKS = YES;
				GCC_OPTIMIZATION_LEVEL = 0;
				GCC_PREPROCESSOR_DEFINITIONS = (
					"DEBUG=1",
					"$(inherited)",
				);
				GCC_WARN_64_TO_32_BIT_CONVERSION = YES;
				GCC_WARN_ABOUT_RETURN_TYPE = YES_ERROR;
				GCC_WARN_UNDECLARED_SELECTOR = YES;
				GCC_WARN_UNINITIALIZED_AUTOS = YES_AGGRESSIVE;
				GCC_WARN_UNUSED_FUNCTION = YES;
				GCC_WARN_UNUSED_VARIABLE = YES;
				IPHONEOS_DEPLOYMENT_TARGET = 14.3;
				MTL_ENABLE_DEBUG_INFO = INCLUDE_SOURCE;
				MTL_FAST_MATH = YES;
				ONLY_ACTIVE_ARCH = YES;
				SDKROOT = iphoneos;
				SWIFT_ACTIVE_COMPILATION_CONDITIONS = DEBUG;
				SWIFT_OPTIMIZATION_LEVEL = "-Onone";
			};
			name = Debug;
		};
		CFBD5C8925E14DD00076E6CE /* Release */ = {
			isa = XCBuildConfiguration;
			buildSettings = {
				ALWAYS_SEARCH_USER_PATHS = NO;
				CLANG_ANALYZER_NONNULL = YES;
				CLANG_ANALYZER_NUMBER_OBJECT_CONVERSION = YES_AGGRESSIVE;
				CLANG_CXX_LANGUAGE_STANDARD = "gnu++14";
				CLANG_CXX_LIBRARY = "libc++";
				CLANG_ENABLE_MODULES = YES;
				CLANG_ENABLE_OBJC_ARC = YES;
				CLANG_ENABLE_OBJC_WEAK = YES;
				CLANG_WARN_BLOCK_CAPTURE_AUTORELEASING = YES;
				CLANG_WARN_BOOL_CONVERSION = YES;
				CLANG_WARN_COMMA = YES;
				CLANG_WARN_CONSTANT_CONVERSION = YES;
				CLANG_WARN_DEPRECATED_OBJC_IMPLEMENTATIONS = YES;
				CLANG_WARN_DIRECT_OBJC_ISA_USAGE = YES_ERROR;
				CLANG_WARN_DOCUMENTATION_COMMENTS = YES;
				CLANG_WARN_EMPTY_BODY = YES;
				CLANG_WARN_ENUM_CONVERSION = YES;
				CLANG_WARN_INFINITE_RECURSION = YES;
				CLANG_WARN_INT_CONVERSION = YES;
				CLANG_WARN_NON_LITERAL_NULL_CONVERSION = YES;
				CLANG_WARN_OBJC_IMPLICIT_RETAIN_SELF = YES;
				CLANG_WARN_OBJC_LITERAL_CONVERSION = YES;
				CLANG_WARN_OBJC_ROOT_CLASS = YES_ERROR;
				CLANG_WARN_QUOTED_INCLUDE_IN_FRAMEWORK_HEADER = YES;
				CLANG_WARN_RANGE_LOOP_ANALYSIS = YES;
				CLANG_WARN_STRICT_PROTOTYPES = YES;
				CLANG_WARN_SUSPICIOUS_MOVE = YES;
				CLANG_WARN_UNGUARDED_AVAILABILITY = YES_AGGRESSIVE;
				CLANG_WARN_UNREACHABLE_CODE = YES;
				CLANG_WARN__DUPLICATE_METHOD_MATCH = YES;
				COPY_PHASE_STRIP = NO;
				DEBUG_INFORMATION_FORMAT = "dwarf-with-dsym";
				ENABLE_NS_ASSERTIONS = NO;
				ENABLE_STRICT_OBJC_MSGSEND = YES;
				GCC_C_LANGUAGE_STANDARD = gnu11;
				GCC_NO_COMMON_BLOCKS = YES;
				GCC_WARN_64_TO_32_BIT_CONVERSION = YES;
				GCC_WARN_ABOUT_RETURN_TYPE = YES_ERROR;
				GCC_WARN_UNDECLARED_SELECTOR = YES;
				GCC_WARN_UNINITIALIZED_AUTOS = YES_AGGRESSIVE;
				GCC_WARN_UNUSED_FUNCTION = YES;
				GCC_WARN_UNUSED_VARIABLE = YES;
				IPHONEOS_DEPLOYMENT_TARGET = 14.3;
				MTL_ENABLE_DEBUG_INFO = NO;
				MTL_FAST_MATH = YES;
				SDKROOT = iphoneos;
				SWIFT_COMPILATION_MODE = wholemodule;
				SWIFT_OPTIMIZATION_LEVEL = "-O";
				VALIDATE_PRODUCT = YES;
			};
			name = Release;
		};
		CFBD5C8B25E14DD00076E6CE /* Debug */ = {
			isa = XCBuildConfiguration;
			buildSettings = {
				ASSETCATALOG_COMPILER_APPICON_NAME = AppIcon;
				ASSETCATALOG_COMPILER_GLOBAL_ACCENT_COLOR_NAME = AccentColor;
				CODE_SIGN_STYLE = Automatic;
				DEVELOPMENT_ASSET_PATHS = "\"GrammaKey/Preview Content\"";
				DEVELOPMENT_TEAM = RY97547EY5;
				ENABLE_PREVIEWS = YES;
				INFOPLIST_FILE = GrammaKey/Info.plist;
				LD_RUNPATH_SEARCH_PATHS = (
					"$(inherited)",
					"@executable_path/Frameworks",
				);
				PRODUCT_BUNDLE_IDENTIFIER = GermanZvezdin.GrammaKey;
				PRODUCT_NAME = "$(TARGET_NAME)";
				SWIFT_VERSION = 5.0;
				TARGETED_DEVICE_FAMILY = "1,2";
			};
			name = Debug;
		};
		CFBD5C8C25E14DD00076E6CE /* Release */ = {
			isa = XCBuildConfiguration;
			buildSettings = {
				ASSETCATALOG_COMPILER_APPICON_NAME = AppIcon;
				ASSETCATALOG_COMPILER_GLOBAL_ACCENT_COLOR_NAME = AccentColor;
				CODE_SIGN_STYLE = Automatic;
				DEVELOPMENT_ASSET_PATHS = "\"GrammaKey/Preview Content\"";
				DEVELOPMENT_TEAM = RY97547EY5;
				ENABLE_PREVIEWS = YES;
				INFOPLIST_FILE = GrammaKey/Info.plist;
				LD_RUNPATH_SEARCH_PATHS = (
					"$(inherited)",
					"@executable_path/Frameworks",
				);
				PRODUCT_BUNDLE_IDENTIFIER = GermanZvezdin.GrammaKey;
				PRODUCT_NAME = "$(TARGET_NAME)";
				SWIFT_VERSION = 5.0;
				TARGETED_DEVICE_FAMILY = "1,2";
			};
			name = Release;
		};
/* End XCBuildConfiguration section */

/* Begin XCConfigurationList section */
		CFBD5C7125E14DCE0076E6CE /* Build configuration list for PBXProject "GrammaKey" */ = {
			isa = XCConfigurationList;
			buildConfigurations = (
				CFBD5C8825E14DCF0076E6CE /* Debug */,
				CFBD5C8925E14DD00076E6CE /* Release */,
			);
			defaultConfigurationIsVisible = 0;
			defaultConfigurationName = Release;
		};
		CFBD5C8A25E14DD00076E6CE /* Build configuration list for PBXNativeTarget "GrammaKey" */ = {
			isa = XCConfigurationList;
			buildConfigurations = (
				CFBD5C8B25E14DD00076E6CE /* Debug */,
				CFBD5C8C25E14DD00076E6CE /* Release */,
			);
			defaultConfigurationIsVisible = 0;
			defaultConfigurationName = Release;
		};
/* End XCConfigurationList section */
	};
	rootObject = CFBD5C6E25E14DCE0076E6CE /* Project object */;
}
